
Microsoft Visual Studio Solution File, Format Version 12.00
# Visual Studio Version 16
VisualStudioVersion = 16.0.28922.388
MinimumVisualStudioVersion = 10.0.40219.1
Project("{9A19103F-16F7-4668-BE54-9A1E7A4F7556}") = "PlusValuesFifo", "PlusValuesFifo\PlusValuesFifo.csproj", "{F9F50CE7-69C8-4FB7-9507-06BE0A467756}"
EndProject
Project("{E53339B2-1760-4266-BCC7-CA923CBCF16C}") = "docker-compose", "docker-compose.dcproj", "{C85A3E58-2C5A-4B2B-A1B6-EAF1C8D0DE2A}"
EndProject
Global
	GlobalSection(SolutionConfigurationPlatforms) = preSolution
		Debug|Any CPU = Debug|Any CPU
		Release|Any CPU = Release|Any CPU
	EndGlobalSection
	GlobalSection(ProjectConfigurationPlatforms) = postSolution
		{F9F50CE7-69C8-4FB7-9507-06BE0A467756}.Debug|Any CPU.ActiveCfg = Debug|Any CPU
		{F9F50CE7-69C8-4FB7-9507-06BE0A467756}.Debug|Any CPU.Build.0 = Debug|Any CPU
		{F9F50CE7-69C8-4FB7-9507-06BE0A467756}.Release|Any CPU.ActiveCfg = Release|Any CPU
		{F9F50CE7-69C8-4FB7-9507-06BE0A467756}.Release|Any CPU.Build.0 = Release|Any CPU
		{C85A3E58-2C5A-4B2B-A1B6-EAF1C8D0DE2A}.Debug|Any CPU.ActiveCfg = Debug|Any CPU
		{C85A3E58-2C5A-4B2B-A1B6-EAF1C8D0DE2A}.Debug|Any CPU.Build.0 = Debug|Any CPU
		{C85A3E58-2C5A-4B2B-A1B6-EAF1C8D0DE2A}.Release|Any CPU.ActiveCfg = Release|Any CPU
		{C85A3E58-2C5A-4B2B-A1B6-EAF1C8D0DE2A}.Release|Any CPU.Build.0 = Release|Any CPU
	EndGlobalSection
	GlobalSection(SolutionProperties) = preSolution
		HideSolutionNode = FALSE
	EndGlobalSection
	GlobalSection(ExtensibilityGlobals) = postSolution
		SolutionGuid = {A3935EA1-3753-468D-9AAE-17624FDEEF5C}
	EndGlobalSection
EndGlobal
